
Microsoft Visual Studio Solution File, Format Version 11.00
# Visual C# Express 2010
Project("{FAE04EC0-301F-11D3-BF4B-00C04F79EFBC}") = "sum", "sum\sum.csproj", "{967C60CE-7588-4BE9-B0D4-E82F26119BA0}"
EndProject
Project("{FAE04EC0-301F-11D3-BF4B-00C04F79EFBC}") = "GetVowel", "GetVowel\GetVowel.csproj", "{A4D1961D-135F-4083-A6C6-0B585C032505}"
EndProject
Project("{FAE04EC0-301F-11D3-BF4B-00C04F79EFBC}") = "EnsureValidPayRateLoops", "EnsureValidPayRateLoops\EnsureValidPayRateLoops.csproj", "{777D9180-D7A8-4346-862E-3A735E699EF4}"
EndProject
Global
	GlobalSection(SolutionConfigurationPlatforms) = preSolution
		Debug|x86 = Debug|x86
		Release|x86 = Release|x86
	EndGlobalSection
	GlobalSection(ProjectConfigurationPlatforms) = postSolution
		{967C60CE-7588-4BE9-B0D4-E82F26119BA0}.Debug|x86.ActiveCfg = Debug|x86
		{967C60CE-7588-4BE9-B0D4-E82F26119BA0}.Debug|x86.Build.0 = Debug|x86
		{967C60CE-7588-4BE9-B0D4-E82F26119BA0}.Release|x86.ActiveCfg = Release|x86
		{967C60CE-7588-4BE9-B0D4-E82F26119BA0}.Release|x86.Build.0 = Release|x86
		{A4D1961D-135F-4083-A6C6-0B585C032505}.Debug|x86.ActiveCfg = Debug|x86
		{A4D1961D-135F-4083-A6C6-0B585C032505}.Debug|x86.Build.0 = Debug|x86
		{A4D1961D-135F-4083-A6C6-0B585C032505}.Release|x86.ActiveCfg = Release|x86
		{A4D1961D-135F-4083-A6C6-0B585C032505}.Release|x86.Build.0 = Release|x86
		{777D9180-D7A8-4346-862E-3A735E699EF4}.Debug|x86.ActiveCfg = Debug|x86
		{777D9180-D7A8-4346-862E-3A735E699EF4}.Debug|x86.Build.0 = Debug|x86
		{777D9180-D7A8-4346-862E-3A735E699EF4}.Release|x86.ActiveCfg = Release|x86
		{777D9180-D7A8-4346-862E-3A735E699EF4}.Release|x86.Build.0 = Release|x86
	EndGlobalSection
	GlobalSection(SolutionProperties) = preSolution
		HideSolutionNode = FALSE
	EndGlobalSection
EndGlobal
